// !$*UTF8*$!
{
	archiveVersion = 1;
	classes = {
	};
	objectVersion = 44;
	objects = {

/* Begin PBXAggregateTarget section */
		E17B9EAB119CA6DD00EEBF5D /* Everything */ = {
			isa = PBXAggregateTarget;
			buildConfigurationList = E17B9EB4119CA6E700EEBF5D /* Build configuration list for PBXAggregateTarget "Everything" */;
			buildPhases = (
			);
			dependencies = (
				E17B9EAE119CA6E300EEBF5D /* PBXTargetDependency */,
			);
			name = Everything;
			productName = Everything;
		};
/* End PBXAggregateTarget section */

/* Begin PBXBuildFile section */
		0E01072A0CA5D9EC00A28CAC /* MWVariableList.m in Sources */ = {isa = PBXBuildFile; fileRef = 0E0107290CA5D9EC00A28CAC /* MWVariableList.m */; };
		0E01072F0CA5DA2000A28CAC /* MWVarEntry.m in Sources */ = {isa = PBXBuildFile; fileRef = 0E01072E0CA5DA2000A28CAC /* MWVarEntry.m */; };
		0E5505000AADB7FE00987B47 /* MWorksMATLABWindow.xml in Resources */ = {isa = PBXBuildFile; fileRef = 0E5504FF0AADB7FE00987B47 /* MWorksMATLABWindow.xml */; };
		0E5505030AADB81800987B47 /* MWMATLABWindowController.m in Sources */ = {isa = PBXBuildFile; fileRef = 0E5505020AADB81800987B47 /* MWMATLABWindowController.m */; };
		0EB67A120AAE11E00034D377 /* MWorksCore.framework in Frameworks */ = {isa = PBXBuildFile; fileRef = 5CF2875F099412A7000C55A3 /* MWorksCore.framework */; };
		0ECE67F10BDD1DCA00E16CCF /* MATLABInterface.m in Sources */ = {isa = PBXBuildFile; fileRef = 0E60D49D0BDD0CDD00B5386E /* MATLABInterface.m */; };
		5CF287520994124E000C55A3 /* MWorksCocoa.framework in Frameworks */ = {isa = PBXBuildFile; fileRef = 5CF287500994124E000C55A3 /* MWorksCocoa.framework */; };
		8D5B49B0048680CD000E48DA /* InfoPlist.strings in Resources */ = {isa = PBXBuildFile; fileRef = 089C167DFE841241C02AAC07 /* InfoPlist.strings */; };
		8D5B49B4048680CD000E48DA /* Cocoa.framework in Frameworks */ = {isa = PBXBuildFile; fileRef = 1058C7ADFEA557BF11CA2CBB /* Cocoa.framework */; };
		E16D96141157E06B00B28A8F /* Main.xib in Resources */ = {isa = PBXBuildFile; fileRef = E16D96131157E06B00B28A8F /* Main.xib */; };
/* End PBXBuildFile section */

/* Begin PBXContainerItemProxy section */
		E17B9EAD119CA6E300EEBF5D /* PBXContainerItemProxy */ = {
			isa = PBXContainerItemProxy;
			containerPortal = 089C1669FE841209C02AAC07 /* Project object */;
			proxyType = 1;
			remoteGlobalIDString = 8D5B49AC048680CD000E48DA;
			remoteInfo = MWorksMATLABWindow;
		};
/* End PBXContainerItemProxy section */

/* Begin PBXFileReference section */
		089C1672FE841209C02AAC07 /* Foundation.framework */ = {isa = PBXFileReference; lastKnownFileType = wrapper.framework; name = Foundation.framework; path = /System/Library/Frameworks/Foundation.framework; sourceTree = "<absolute>"; };
		089C167EFE841241C02AAC07 /* English */ = {isa = PBXFileReference; fileEncoding = 10; lastKnownFileType = text.plist.strings; name = English; path = English.lproj/InfoPlist.strings; sourceTree = "<group>"; };
		089C167FFE841241C02AAC07 /* AppKit.framework */ = {isa = PBXFileReference; lastKnownFileType = wrapper.framework; name = AppKit.framework; path = /System/Library/Frameworks/AppKit.framework; sourceTree = "<absolute>"; };
		0E0107280CA5D9EC00A28CAC /* MWVariableList.h */ = {isa = PBXFileReference; fileEncoding = 4; lastKnownFileType = sourcecode.c.h; path = MWVariableList.h; sourceTree = "<group>"; };
		0E0107290CA5D9EC00A28CAC /* MWVariableList.m */ = {isa = PBXFileReference; fileEncoding = 4; lastKnownFileType = sourcecode.c.objc; path = MWVariableList.m; sourceTree = "<group>"; };
		0E01072D0CA5DA2000A28CAC /* MWVarEntry.h */ = {isa = PBXFileReference; fileEncoding = 4; lastKnownFileType = sourcecode.c.h; path = MWVarEntry.h; sourceTree = "<group>"; };
		0E01072E0CA5DA2000A28CAC /* MWVarEntry.m */ = {isa = PBXFileReference; fileEncoding = 4; lastKnownFileType = sourcecode.c.objc; path = MWVarEntry.m; sourceTree = "<group>"; };
		0E5504FC0AADB7EC00987B47 /* MWorksMATLABWindow_Prefix.pch */ = {isa = PBXFileReference; fileEncoding = 30; lastKnownFileType = sourcecode.c.h; path = MWorksMATLABWindow_Prefix.pch; sourceTree = "<group>"; };
		0E5504FF0AADB7FE00987B47 /* MWorksMATLABWindow.xml */ = {isa = PBXFileReference; fileEncoding = 30; lastKnownFileType = text.xml; path = MWorksMATLABWindow.xml; sourceTree = "<group>"; };
		0E5505010AADB81800987B47 /* MWMATLABWindowController.h */ = {isa = PBXFileReference; fileEncoding = 30; lastKnownFileType = sourcecode.c.h; path = MWMATLABWindowController.h; sourceTree = "<group>"; };
		0E5505020AADB81800987B47 /* MWMATLABWindowController.m */ = {isa = PBXFileReference; fileEncoding = 30; lastKnownFileType = sourcecode.c.objc; path = MWMATLABWindowController.m; sourceTree = "<group>"; };
		0E60D49C0BDD0CDD00B5386E /* MATLABInterface.h */ = {isa = PBXFileReference; fileEncoding = 30; lastKnownFileType = sourcecode.c.h; path = MATLABInterface.h; sourceTree = "<group>"; };
		0E60D49D0BDD0CDD00B5386E /* MATLABInterface.m */ = {isa = PBXFileReference; fileEncoding = 30; lastKnownFileType = sourcecode.c.objc; path = MATLABInterface.m; sourceTree = "<group>"; };
		0EFA42810DC16AE700F557A6 /* hist_example.m */ = {isa = PBXFileReference; fileEncoding = 30; lastKnownFileType = sourcecode.c.objc; path = hist_example.m; sourceTree = "<group>"; };
		1058C7ADFEA557BF11CA2CBB /* Cocoa.framework */ = {isa = PBXFileReference; lastKnownFileType = wrapper.framework; name = Cocoa.framework; path = /System/Library/Frameworks/Cocoa.framework; sourceTree = "<absolute>"; };
		5CF287500994124E000C55A3 /* MWorksCocoa.framework */ = {isa = PBXFileReference; lastKnownFileType = wrapper.framework; name = MWorksCocoa.framework; path = /Library/Frameworks/MWorksCocoa.framework; sourceTree = "<absolute>"; };
		5CF2875F099412A7000C55A3 /* MWorksCore.framework */ = {isa = PBXFileReference; lastKnownFileType = wrapper.framework; name = MWorksCore.framework; path = /Library/Frameworks/MWorksCore.framework; sourceTree = "<absolute>"; };
		686092F80AC8950400978FC3 /* MWorksMATLABWindow.bundle */ = {isa = PBXFileReference; explicitFileType = wrapper.cfbundle; includeInIndex = 0; path = MWorksMATLABWindow.bundle; sourceTree = BUILT_PRODUCTS_DIR; };
		8D5B49B7048680CD000E48DA /* Info.plist */ = {isa = PBXFileReference; fileEncoding = 4; lastKnownFileType = text.plist.xml; path = Info.plist; sourceTree = "<group>"; };
		D2F7E65807B2D6F200F64583 /* CoreData.framework */ = {isa = PBXFileReference; lastKnownFileType = wrapper.framework; name = CoreData.framework; path = /System/Library/Frameworks/CoreData.framework; sourceTree = "<absolute>"; };
		E16D96131157E06B00B28A8F /* Main.xib */ = {isa = PBXFileReference; lastKnownFileType = file.xib; path = Main.xib; sourceTree = "<group>"; };
		E1895B26116FD52500D8CBE0 /* Development.xcconfig */ = {isa = PBXFileReference; fileEncoding = 4; lastKnownFileType = text.xcconfig; name = Development.xcconfig; path = "/Library/Application Support/MWorks/Developer/Xcode/Development.xcconfig"; sourceTree = "<absolute>"; };
		E1895B27116FD52500D8CBE0 /* WARNING.txt */ = {isa = PBXFileReference; fileEncoding = 4; lastKnownFileType = text; name = WARNING.txt; path = "/Library/Application Support/MWorks/Developer/Xcode/WARNING.txt"; sourceTree = "<absolute>"; };
/* End PBXFileReference section */

/* Begin PBXFrameworksBuildPhase section */
		8D5B49B3048680CD000E48DA /* Frameworks */ = {
			isa = PBXFrameworksBuildPhase;
			buildActionMask = 2147483647;
			files = (
				8D5B49B4048680CD000E48DA /* Cocoa.framework in Frameworks */,
				5CF287520994124E000C55A3 /* MWorksCocoa.framework in Frameworks */,
				0EB67A120AAE11E00034D377 /* MWorksCore.framework in Frameworks */,
			);
			runOnlyForDeploymentPostprocessing = 0;
		};
/* End PBXFrameworksBuildPhase section */

/* Begin PBXGroup section */
		089C166AFE841209C02AAC07 /* MonkeyWorksRewardWindow */ = {
			isa = PBXGroup;
			children = (
				E1895B24116FD52500D8CBE0 /* External Configs */,
				0E5504FF0AADB7FE00987B47 /* MWorksMATLABWindow.xml */,
				08FB77AFFE84173DC02AAC07 /* Classes */,
				32C88E010371C26100C91783 /* Other Sources */,
				089C167CFE841241C02AAC07 /* Resources */,
				089C1671FE841209C02AAC07 /* Frameworks and Libraries */,
				19C28FB8FE9D52D311CA2CBB /* Products */,
			);
			name = MonkeyWorksRewardWindow;
			sourceTree = "<group>";
		};
		089C1671FE841209C02AAC07 /* Frameworks and Libraries */ = {
			isa = PBXGroup;
			children = (
				1058C7ACFEA557BF11CA2CBB /* Linked Frameworks */,
				1058C7AEFEA557BF11CA2CBB /* Other Frameworks */,
			);
			name = "Frameworks and Libraries";
			sourceTree = "<group>";
		};
		089C167CFE841241C02AAC07 /* Resources */ = {
			isa = PBXGroup;
			children = (
				0EFA42800DC16AE700F557A6 /* MATLAB_test_files */,
				E16D96131157E06B00B28A8F /* Main.xib */,
				8D5B49B7048680CD000E48DA /* Info.plist */,
				089C167DFE841241C02AAC07 /* InfoPlist.strings */,
			);
			name = Resources;
			sourceTree = "<group>";
		};
		08FB77AFFE84173DC02AAC07 /* Classes */ = {
			isa = PBXGroup;
			children = (
				0E60D49C0BDD0CDD00B5386E /* MATLABInterface.h */,
				0E60D49D0BDD0CDD00B5386E /* MATLABInterface.m */,
				0E5505010AADB81800987B47 /* MWMATLABWindowController.h */,
				0E5505020AADB81800987B47 /* MWMATLABWindowController.m */,
				0E0107280CA5D9EC00A28CAC /* MWVariableList.h */,
				0E0107290CA5D9EC00A28CAC /* MWVariableList.m */,
				0E01072D0CA5DA2000A28CAC /* MWVarEntry.h */,
				0E01072E0CA5DA2000A28CAC /* MWVarEntry.m */,
			);
			name = Classes;
			sourceTree = "<group>";
		};
		0EFA42800DC16AE700F557A6 /* MATLAB_test_files */ = {
			isa = PBXGroup;
			children = (
				0EFA42810DC16AE700F557A6 /* hist_example.m */,
			);
			path = MATLAB_test_files;
			sourceTree = "<group>";
		};
		1058C7ACFEA557BF11CA2CBB /* Linked Frameworks */ = {
			isa = PBXGroup;
			children = (
				1058C7ADFEA557BF11CA2CBB /* Cocoa.framework */,
			);
			name = "Linked Frameworks";
			sourceTree = "<group>";
		};
		1058C7AEFEA557BF11CA2CBB /* Other Frameworks */ = {
			isa = PBXGroup;
			children = (
				5CF2875F099412A7000C55A3 /* MWorksCore.framework */,
				5CF287500994124E000C55A3 /* MWorksCocoa.framework */,
				089C167FFE841241C02AAC07 /* AppKit.framework */,
				D2F7E65807B2D6F200F64583 /* CoreData.framework */,
				089C1672FE841209C02AAC07 /* Foundation.framework */,
			);
			name = "Other Frameworks";
			sourceTree = "<group>";
		};
		19C28FB8FE9D52D311CA2CBB /* Products */ = {
			isa = PBXGroup;
			children = (
				686092F80AC8950400978FC3 /* MWorksMATLABWindow.bundle */,
			);
			name = Products;
			sourceTree = "<group>";
		};
		32C88E010371C26100C91783 /* Other Sources */ = {
			isa = PBXGroup;
			children = (
				0E5504FC0AADB7EC00987B47 /* MWorksMATLABWindow_Prefix.pch */,
			);
			name = "Other Sources";
			sourceTree = "<group>";
		};
		E1895B24116FD52500D8CBE0 /* External Configs */ = {
			isa = PBXGroup;
			children = (
				E1895B26116FD52500D8CBE0 /* Development.xcconfig */,
				E1895B27116FD52500D8CBE0 /* WARNING.txt */,
			);
			name = "External Configs";
			sourceTree = "<group>";
		};
/* End PBXGroup section */

/* Begin PBXNativeTarget section */
		8D5B49AC048680CD000E48DA /* MWorksMATLABWindow */ = {
			isa = PBXNativeTarget;
			buildConfigurationList = 1DEB913A08733D840010E9CD /* Build configuration list for PBXNativeTarget "MWorksMATLABWindow" */;
			buildPhases = (
				8D5B49AF048680CD000E48DA /* Resources */,
				8D5B49B1048680CD000E48DA /* Sources */,
				8D5B49B3048680CD000E48DA /* Frameworks */,
				E18DFB42110F6FEC00740231 /* ShellScript */,
				DA1E8AF8099AD12500CDAD82 /* ShellScript */,
			);
			buildRules = (
			);
			dependencies = (
			);
			name = MWorksMATLABWindow;
			productInstallPath = "$(HOME)/Library/Bundles";
			productName = MonkeyWorksRewardWindow;
			productReference = 686092F80AC8950400978FC3 /* MWorksMATLABWindow.bundle */;
			productType = "com.apple.product-type.bundle";
		};
/* End PBXNativeTarget section */

/* Begin PBXProject section */
		089C1669FE841209C02AAC07 /* Project object */ = {
			isa = PBXProject;
			buildConfigurationList = 1DEB913E08733D840010E9CD /* Build configuration list for PBXProject "MWorksMATLABWindow" */;
			compatibilityVersion = "Xcode 3.0";
			developmentRegion = English;
			hasScannedForEncodings = 1;
			knownRegions = (
				English,
				Japanese,
				French,
				German,
			);
			mainGroup = 089C166AFE841209C02AAC07 /* MonkeyWorksRewardWindow */;
			projectDirPath = "";
			projectRoot = "";
			targets = (
				8D5B49AC048680CD000E48DA /* MWorksMATLABWindow */,
				E17B9EAB119CA6DD00EEBF5D /* Everything */,
			);
		};
/* End PBXProject section */

/* Begin PBXResourcesBuildPhase section */
		8D5B49AF048680CD000E48DA /* Resources */ = {
			isa = PBXResourcesBuildPhase;
			buildActionMask = 2147483647;
			files = (
				8D5B49B0048680CD000E48DA /* InfoPlist.strings in Resources */,
				0E5505000AADB7FE00987B47 /* MWorksMATLABWindow.xml in Resources */,
				E16D96141157E06B00B28A8F /* Main.xib in Resources */,
			);
			runOnlyForDeploymentPostprocessing = 0;
		};
/* End PBXResourcesBuildPhase section */

/* Begin PBXShellScriptBuildPhase section */
		DA1E8AF8099AD12500CDAD82 /* ShellScript */ = {
			isa = PBXShellScriptBuildPhase;
			buildActionMask = 2147483647;
			files = (
			);
			inputPaths = (
			);
			outputPaths = (
			);
			runOnlyForDeploymentPostprocessing = 0;
			shellPath = /bin/zsh;
			shellScript = "export FULL_NAME=${PRODUCT_NAME}.${WRAPPER_EXTENSION}\n\n# make the directory if it isnt there\nmkdir -p ${FINAL_INSTALL_DIR}\n\n# copy the framework to the proper directory\nrm -dfR \"${FINAL_INSTALL_DIR}/${FULL_NAME}\"\n\ncp -Rf \"${BUILT_PRODUCTS_DIR}/${FULL_NAME}\" \"${FINAL_INSTALL_DIR}/\"\n\n# install the MATLAB scripts\nmkdir -p \"${MATLAB_SCRIPT_INSTALL_DIR}\"\ncp -X \"${SRCROOT}\"/scripts/*.m \"${MATLAB_SCRIPT_INSTALL_DIR}\"";
		};
		E18DFB42110F6FEC00740231 /* ShellScript */ = {
			isa = PBXShellScriptBuildPhase;
			buildActionMask = 2147483647;
			files = (
			);
			inputPaths = (
			);
			outputPaths = (
			);
			runOnlyForDeploymentPostprocessing = 0;
			shellPath = /bin/zsh;
			shellScript = "# Replace @loader_path with @rpath so the linker will use the runtime search path to find the MATLAB shared libs\n\nexport FULL_NAME=${PRODUCT_NAME}.${WRAPPER_EXTENSION}\n\nfor libname in mat eng mx; do\n  install_name_tool -change \\\n    \"@loader_path/lib${libname}.dylib\" \\\n    \"@rpath/lib${libname}.dylib\" \\\n    \"${BUILT_PRODUCTS_DIR}/${FULL_NAME}/Contents/MacOS/${PRODUCT_NAME}\"\ndone";
		};
/* End PBXShellScriptBuildPhase section */

/* Begin PBXSourcesBuildPhase section */
		8D5B49B1048680CD000E48DA /* Sources */ = {
			isa = PBXSourcesBuildPhase;
			buildActionMask = 2147483647;
			files = (
				0E5505030AADB81800987B47 /* MWMATLABWindowController.m in Sources */,
				0ECE67F10BDD1DCA00E16CCF /* MATLABInterface.m in Sources */,
				0E01072A0CA5D9EC00A28CAC /* MWVariableList.m in Sources */,
				0E01072F0CA5DA2000A28CAC /* MWVarEntry.m in Sources */,
			);
			runOnlyForDeploymentPostprocessing = 0;
		};
/* End PBXSourcesBuildPhase section */

/* Begin PBXTargetDependency section */
		E17B9EAE119CA6E300EEBF5D /* PBXTargetDependency */ = {
			isa = PBXTargetDependency;
			target = 8D5B49AC048680CD000E48DA /* MWorksMATLABWindow */;
			targetProxy = E17B9EAD119CA6E300EEBF5D /* PBXContainerItemProxy */;
		};
/* End PBXTargetDependency section */

/* Begin PBXVariantGroup section */
		089C167DFE841241C02AAC07 /* InfoPlist.strings */ = {
			isa = PBXVariantGroup;
			children = (
				089C167EFE841241C02AAC07 /* English */,
			);
			name = InfoPlist.strings;
			sourceTree = "<group>";
		};
/* End PBXVariantGroup section */

/* Begin XCBuildConfiguration section */
		E17B9EAC119CA6DD00EEBF5D /* Development */ = {
			isa = XCBuildConfiguration;
			buildSettings = {
				COPY_PHASE_STRIP = NO;
				GCC_DYNAMIC_NO_PIC = NO;
				GCC_OPTIMIZATION_LEVEL = 0;
				PRODUCT_NAME = Everything;
			};
			name = Development;
		};
		E1895B31116FD5B000D8CBE0 /* Development */ = {
			isa = XCBuildConfiguration;
			baseConfigurationReference = E1895B26116FD52500D8CBE0 /* Development.xcconfig */;
			buildSettings = {
				FINAL_INSTALL_DIR = "$(CLIENT_PLUGINS_DIR)";
				GCC_MODEL_TUNING = "";
				GCC_OBJC_CALL_CXX_CDTORS = YES;
				GCC_PRECOMPILE_PREFIX_HEADER = YES;
				GCC_PREFIX_HEADER = MWorksMATLABWindow_Prefix.pch;
				GCC_WARN_ABOUT_RETURN_TYPE = YES;
				GCC_WARN_UNUSED_VARIABLE = YES;
				HEADER_SEARCH_PATHS = (
					"$(MATLAB_DIR)/extern/include",
					"$(MW_INCLUDE_DIR)",
				);
				INFOPLIST_FILE = Info.plist;
				LD_RUNPATH_SEARCH_PATHS = "$(MATLAB_DIR)/bin/$(MATLAB_ARCH_$(CURRENT_ARCH))";
				LIBRARY_SEARCH_PATHS = (
					"$(MATLAB_DIR)/bin/$(MATLAB_ARCH_$(CURRENT_ARCH))",
					"$(MW_LIB_DIR)",
				);
				MACH_O_TYPE = mh_bundle;
				MATLAB_ARCH_i386 = maci;
				MATLAB_ARCH_x86_64 = maci64;
				MATLAB_DIR = /Applications/MATLAB;
				MATLAB_SCRIPT_INSTALL_DIR = "$(APP_SUPPORT_DIR)/Scripting/Matlab";
				OTHER_LDFLAGS = (
					"-lmat",
					"-leng",
					"-lmx",
					"-lscarab",
					"-lMWorksStreamUtilities",
				);
				PREBINDING = NO;
			};
			name = Development;
		};
		E1895B32116FD5B000D8CBE0 /* Development */ = {
			isa = XCBuildConfiguration;
			buildSettings = {
				GCC_ENABLE_OBJC_EXCEPTIONS = YES;
				GCC_INPUT_FILETYPE = sourcecode.cpp.objcpp;
				GCC_OBJC_CALL_CXX_CDTORS = YES;
				GCC_UNROLL_LOOPS = YES;
				INFOPLIST_FILE = Info.plist;
				PRODUCT_NAME = MWorksMATLABWindow;
			};
			name = Development;
		};
/* End XCBuildConfiguration section */

/* Begin XCConfigurationList section */
		1DEB913A08733D840010E9CD /* Build configuration list for PBXNativeTarget "MWorksMATLABWindow" */ = {
			isa = XCConfigurationList;
			buildConfigurations = (
				E1895B32116FD5B000D8CBE0 /* Development */,
			);
			defaultConfigurationIsVisible = 0;
			defaultConfigurationName = Development;
		};
		1DEB913E08733D840010E9CD /* Build configuration list for PBXProject "MWorksMATLABWindow" */ = {
			isa = XCConfigurationList;
			buildConfigurations = (
				E1895B31116FD5B000D8CBE0 /* Development */,
			);
			defaultConfigurationIsVisible = 0;
			defaultConfigurationName = Development;
		};
		E17B9EB4119CA6E700EEBF5D /* Build configuration list for PBXAggregateTarget "Everything" */ = {
			isa = XCConfigurationList;
			buildConfigurations = (
				E17B9EAC119CA6DD00EEBF5D /* Development */,
			);
			defaultConfigurationIsVisible = 0;
			defaultConfigurationName = Development;
		};
/* End XCConfigurationList section */
	};
	rootObject = 089C1669FE841209C02AAC07 /* Project object */;
}
