// !$*UTF8*$!
{
	archiveVersion = 1;
	classes = {
	};
	objectVersion = 44;
	objects = {

/* Begin PBXAggregateTarget section */
		E17B9ED0119CA80500EEBF5D /* Everything */ = {
			isa = PBXAggregateTarget;
			buildConfigurationList = E17B9ED6119CA80E00EEBF5D /* Build configuration list for PBXAggregateTarget "Everything" */;
			buildPhases = (
			);
			dependencies = (
				E17B9ED3119CA80A00EEBF5D /* PBXTargetDependency */,
			);
			name = Everything;
			productName = Everything;
		};
/* End PBXAggregateTarget section */

/* Begin PBXBuildFile section */
		0E655F860C7CCDC200B15F67 /* MWorksCore.framework in Frameworks */ = {isa = PBXBuildFile; fileRef = 5CF2875F099412A7000C55A3 /* MWorksCore.framework */; };
		5C8E4A69098FA2A600EB44CA /* Main.nib in Resources */ = {isa = PBXBuildFile; fileRef = 5C8E4A68098FA2A600EB44CA /* Main.nib */; };
		5C8E4A7B098FB02400EB44CA /* MWRewardWindowController.m in Sources */ = {isa = PBXBuildFile; fileRef = 5C8E4A7A098FB02400EB44CA /* MWRewardWindowController.m */; };
		5CF287520994124E000C55A3 /* MWorksCocoa.framework in Frameworks */ = {isa = PBXBuildFile; fileRef = 5CF287500994124E000C55A3 /* MWorksCocoa.framework */; };
		8D5B49B0048680CD000E48DA /* InfoPlist.strings in Resources */ = {isa = PBXBuildFile; fileRef = 089C167DFE841241C02AAC07 /* InfoPlist.strings */; };
		8D5B49B4048680CD000E48DA /* Cocoa.framework in Frameworks */ = {isa = PBXBuildFile; fileRef = 1058C7ADFEA557BF11CA2CBB /* Cocoa.framework */; };
		DA1E8F1C099C393000CDAD82 /* MWorksRewardWindow.xml in Resources */ = {isa = PBXBuildFile; fileRef = DA1E8F1B099C393000CDAD82 /* MWorksRewardWindow.xml */; };
/* End PBXBuildFile section */

/* Begin PBXContainerItemProxy section */
		E17B9ED2119CA80A00EEBF5D /* PBXContainerItemProxy */ = {
			isa = PBXContainerItemProxy;
			containerPortal = 089C1669FE841209C02AAC07 /* Project object */;
			proxyType = 1;
			remoteGlobalIDString = 8D5B49AC048680CD000E48DA;
			remoteInfo = MWorksRewardWindow;
		};
/* End PBXContainerItemProxy section */

/* Begin PBXFileReference section */
		089C1672FE841209C02AAC07 /* Foundation.framework */ = {isa = PBXFileReference; lastKnownFileType = wrapper.framework; name = Foundation.framework; path = /System/Library/Frameworks/Foundation.framework; sourceTree = "<absolute>"; };
		089C167EFE841241C02AAC07 /* English */ = {isa = PBXFileReference; fileEncoding = 10; lastKnownFileType = text.plist.strings; name = English; path = English.lproj/InfoPlist.strings; sourceTree = "<group>"; };
		089C167FFE841241C02AAC07 /* AppKit.framework */ = {isa = PBXFileReference; lastKnownFileType = wrapper.framework; name = AppKit.framework; path = /System/Library/Frameworks/AppKit.framework; sourceTree = "<absolute>"; };
		1058C7ADFEA557BF11CA2CBB /* Cocoa.framework */ = {isa = PBXFileReference; lastKnownFileType = wrapper.framework; name = Cocoa.framework; path = /System/Library/Frameworks/Cocoa.framework; sourceTree = "<absolute>"; };
		32DBCF630370AF2F00C91783 /* MWorksRewardWindow_Prefix.pch */ = {isa = PBXFileReference; fileEncoding = 4; lastKnownFileType = sourcecode.c.h; path = MWorksRewardWindow_Prefix.pch; sourceTree = "<group>"; };
		5C8E4A68098FA2A600EB44CA /* Main.nib */ = {isa = PBXFileReference; lastKnownFileType = wrapper.nib; path = Main.nib; sourceTree = "<group>"; };
		5C8E4A79098FB02400EB44CA /* MWRewardWindowController.h */ = {isa = PBXFileReference; fileEncoding = 30; lastKnownFileType = sourcecode.c.h; path = MWRewardWindowController.h; sourceTree = "<group>"; };
		5C8E4A7A098FB02400EB44CA /* MWRewardWindowController.m */ = {isa = PBXFileReference; fileEncoding = 30; lastKnownFileType = sourcecode.c.objc; path = MWRewardWindowController.m; sourceTree = "<group>"; };
		5CF287500994124E000C55A3 /* MWorksCocoa.framework */ = {isa = PBXFileReference; lastKnownFileType = wrapper.framework; name = MWorksCocoa.framework; path = /Library/Frameworks/MWorksCocoa.framework; sourceTree = "<absolute>"; };
		5CF2875F099412A7000C55A3 /* MWorksCore.framework */ = {isa = PBXFileReference; lastKnownFileType = wrapper.framework; name = MWorksCore.framework; path = /Library/Frameworks/MWorksCore.framework; sourceTree = "<absolute>"; };
		686E22920AC84A89003EFDDA /* MWorksRewardWindow.bundle */ = {isa = PBXFileReference; explicitFileType = wrapper.cfbundle; includeInIndex = 0; path = MWorksRewardWindow.bundle; sourceTree = BUILT_PRODUCTS_DIR; };
		8D5B49B7048680CD000E48DA /* Info.plist */ = {isa = PBXFileReference; fileEncoding = 4; lastKnownFileType = text.plist.xml; path = Info.plist; sourceTree = "<group>"; };
		D2F7E65807B2D6F200F64583 /* CoreData.framework */ = {isa = PBXFileReference; lastKnownFileType = wrapper.framework; name = CoreData.framework; path = /System/Library/Frameworks/CoreData.framework; sourceTree = "<absolute>"; };
		DA1E8F1B099C393000CDAD82 /* MWorksRewardWindow.xml */ = {isa = PBXFileReference; fileEncoding = 30; lastKnownFileType = text.xml; path = MWorksRewardWindow.xml; sourceTree = "<group>"; };
		E1895B47116FD7A500D8CBE0 /* Development.xcconfig */ = {isa = PBXFileReference; fileEncoding = 4; lastKnownFileType = text.xcconfig; name = Development.xcconfig; path = "/Library/Application Support/MWorks/Developer/Xcode/Development.xcconfig"; sourceTree = "<absolute>"; };
		E1895B48116FD7A500D8CBE0 /* WARNING.txt */ = {isa = PBXFileReference; fileEncoding = 4; lastKnownFileType = text; name = WARNING.txt; path = "/Library/Application Support/MWorks/Developer/Xcode/WARNING.txt"; sourceTree = "<absolute>"; };
/* End PBXFileReference section */

/* Begin PBXFrameworksBuildPhase section */
		8D5B49B3048680CD000E48DA /* Frameworks */ = {
			isa = PBXFrameworksBuildPhase;
			buildActionMask = 2147483647;
			files = (
				0E655F860C7CCDC200B15F67 /* MWorksCore.framework in Frameworks */,
				8D5B49B4048680CD000E48DA /* Cocoa.framework in Frameworks */,
				5CF287520994124E000C55A3 /* MWorksCocoa.framework in Frameworks */,
			);
			runOnlyForDeploymentPostprocessing = 0;
		};
/* End PBXFrameworksBuildPhase section */

/* Begin PBXGroup section */
		089C166AFE841209C02AAC07 /* MonkeyWorksRewardWindow */ = {
			isa = PBXGroup;
			children = (
				E1895B45116FD7A500D8CBE0 /* External Configs */,
				08FB77AFFE84173DC02AAC07 /* Classes */,
				32C88E010371C26100C91783 /* Other Sources */,
				089C167CFE841241C02AAC07 /* Resources */,
				089C1671FE841209C02AAC07 /* Frameworks and Libraries */,
				19C28FB8FE9D52D311CA2CBB /* Products */,
				DA1E8F1B099C393000CDAD82 /* MWorksRewardWindow.xml */,
			);
			name = MonkeyWorksRewardWindow;
			sourceTree = "<group>";
		};
		089C1671FE841209C02AAC07 /* Frameworks and Libraries */ = {
			isa = PBXGroup;
			children = (
				1058C7ACFEA557BF11CA2CBB /* Linked Frameworks */,
				1058C7AEFEA557BF11CA2CBB /* Other Frameworks */,
			);
			name = "Frameworks and Libraries";
			sourceTree = "<group>";
		};
		089C167CFE841241C02AAC07 /* Resources */ = {
			isa = PBXGroup;
			children = (
				5C8E4A68098FA2A600EB44CA /* Main.nib */,
				8D5B49B7048680CD000E48DA /* Info.plist */,
				089C167DFE841241C02AAC07 /* InfoPlist.strings */,
			);
			name = Resources;
			sourceTree = "<group>";
		};
		08FB77AFFE84173DC02AAC07 /* Classes */ = {
			isa = PBXGroup;
			children = (
				5C8E4A79098FB02400EB44CA /* MWRewardWindowController.h */,
				5C8E4A7A098FB02400EB44CA /* MWRewardWindowController.m */,
			);
			name = Classes;
			sourceTree = "<group>";
		};
		1058C7ACFEA557BF11CA2CBB /* Linked Frameworks */ = {
			isa = PBXGroup;
			children = (
				1058C7ADFEA557BF11CA2CBB /* Cocoa.framework */,
			);
			name = "Linked Frameworks";
			sourceTree = "<group>";
		};
		1058C7AEFEA557BF11CA2CBB /* Other Frameworks */ = {
			isa = PBXGroup;
			children = (
				5CF2875F099412A7000C55A3 /* MWorksCore.framework */,
				5CF287500994124E000C55A3 /* MWorksCocoa.framework */,
				089C167FFE841241C02AAC07 /* AppKit.framework */,
				D2F7E65807B2D6F200F64583 /* CoreData.framework */,
				089C1672FE841209C02AAC07 /* Foundation.framework */,
			);
			name = "Other Frameworks";
			sourceTree = "<group>";
		};
		19C28FB8FE9D52D311CA2CBB /* Products */ = {
			isa = PBXGroup;
			children = (
				686E22920AC84A89003EFDDA /* MWorksRewardWindow.bundle */,
			);
			name = Products;
			sourceTree = "<group>";
		};
		32C88E010371C26100C91783 /* Other Sources */ = {
			isa = PBXGroup;
			children = (
				32DBCF630370AF2F00C91783 /* MWorksRewardWindow_Prefix.pch */,
			);
			name = "Other Sources";
			sourceTree = "<group>";
		};
		E1895B45116FD7A500D8CBE0 /* External Configs */ = {
			isa = PBXGroup;
			children = (
				E1895B47116FD7A500D8CBE0 /* Development.xcconfig */,
				E1895B48116FD7A500D8CBE0 /* WARNING.txt */,
			);
			name = "External Configs";
			sourceTree = "<group>";
		};
/* End PBXGroup section */

/* Begin PBXNativeTarget section */
		8D5B49AC048680CD000E48DA /* MWorksRewardWindow */ = {
			isa = PBXNativeTarget;
			buildConfigurationList = 1DEB913A08733D840010E9CD /* Build configuration list for PBXNativeTarget "MWorksRewardWindow" */;
			buildPhases = (
				8D5B49AF048680CD000E48DA /* Resources */,
				8D5B49B1048680CD000E48DA /* Sources */,
				8D5B49B3048680CD000E48DA /* Frameworks */,
				DA1E8AF8099AD12500CDAD82 /* ShellScript */,
			);
			buildRules = (
			);
			dependencies = (
			);
			name = MWorksRewardWindow;
			productInstallPath = "$(HOME)/Library/Bundles";
			productName = MonkeyWorksRewardWindow;
			productReference = 686E22920AC84A89003EFDDA /* MWorksRewardWindow.bundle */;
			productType = "com.apple.product-type.bundle";
		};
/* End PBXNativeTarget section */

/* Begin PBXProject section */
		089C1669FE841209C02AAC07 /* Project object */ = {
			isa = PBXProject;
			buildConfigurationList = 1DEB913E08733D840010E9CD /* Build configuration list for PBXProject "MWorksRewardWindow" */;
			compatibilityVersion = "Xcode 3.0";
			hasScannedForEncodings = 1;
			mainGroup = 089C166AFE841209C02AAC07 /* MonkeyWorksRewardWindow */;
			projectDirPath = "";
			projectRoot = "";
			targets = (
				8D5B49AC048680CD000E48DA /* MWorksRewardWindow */,
				E17B9ED0119CA80500EEBF5D /* Everything */,
			);
		};
/* End PBXProject section */

/* Begin PBXResourcesBuildPhase section */
		8D5B49AF048680CD000E48DA /* Resources */ = {
			isa = PBXResourcesBuildPhase;
			buildActionMask = 2147483647;
			files = (
				8D5B49B0048680CD000E48DA /* InfoPlist.strings in Resources */,
				5C8E4A69098FA2A600EB44CA /* Main.nib in Resources */,
				DA1E8F1C099C393000CDAD82 /* MWorksRewardWindow.xml in Resources */,
			);
			runOnlyForDeploymentPostprocessing = 0;
		};
/* End PBXResourcesBuildPhase section */

/* Begin PBXShellScriptBuildPhase section */
		DA1E8AF8099AD12500CDAD82 /* ShellScript */ = {
			isa = PBXShellScriptBuildPhase;
			buildActionMask = 2147483647;
			files = (
			);
			inputPaths = (
			);
			outputPaths = (
			);
			runOnlyForDeploymentPostprocessing = 0;
			shellPath = /bin/zsh;
			shellScript = "export FULL_NAME=${PRODUCT_NAME}.${WRAPPER_EXTENSION}\n\n# make the directory if it isnt there\nmkdir -p ${FINAL_INSTALL_DIR}\n\n# copy the framework to the proper directory\nrm -dfR \"${FINAL_INSTALL_DIR}/${FULL_NAME}\"\n\ncp -Rf \"${BUILT_PRODUCTS_DIR}/${FULL_NAME}\" \"${FINAL_INSTALL_DIR}/\"";
		};
/* End PBXShellScriptBuildPhase section */

/* Begin PBXSourcesBuildPhase section */
		8D5B49B1048680CD000E48DA /* Sources */ = {
			isa = PBXSourcesBuildPhase;
			buildActionMask = 2147483647;
			files = (
				5C8E4A7B098FB02400EB44CA /* MWRewardWindowController.m in Sources */,
			);
			runOnlyForDeploymentPostprocessing = 0;
		};
/* End PBXSourcesBuildPhase section */

/* Begin PBXTargetDependency section */
		E17B9ED3119CA80A00EEBF5D /* PBXTargetDependency */ = {
			isa = PBXTargetDependency;
			target = 8D5B49AC048680CD000E48DA /* MWorksRewardWindow */;
			targetProxy = E17B9ED2119CA80A00EEBF5D /* PBXContainerItemProxy */;
		};
/* End PBXTargetDependency section */

/* Begin PBXVariantGroup section */
		089C167DFE841241C02AAC07 /* InfoPlist.strings */ = {
			isa = PBXVariantGroup;
			children = (
				089C167EFE841241C02AAC07 /* English */,
			);
			name = InfoPlist.strings;
			sourceTree = "<group>";
		};
/* End PBXVariantGroup section */

/* Begin XCBuildConfiguration section */
		E17B9ED1119CA80500EEBF5D /* Development */ = {
			isa = XCBuildConfiguration;
			buildSettings = {
				COPY_PHASE_STRIP = NO;
				GCC_DYNAMIC_NO_PIC = NO;
				GCC_OPTIMIZATION_LEVEL = 0;
				PRODUCT_NAME = Everything;
			};
			name = Development;
		};
		E1895B52116FD7FB00D8CBE0 /* Development */ = {
			isa = XCBuildConfiguration;
			baseConfigurationReference = E1895B47116FD7A500D8CBE0 /* Development.xcconfig */;
			buildSettings = {
				FINAL_INSTALL_DIR = "$(CLIENT_PLUGINS_DIR)";
				HEADER_SEARCH_PATHS = "$(MW_INCLUDE_DIR)";
				LIBRARY_SEARCH_PATHS = "$(MW_LIB_DIR)";
				MACH_O_TYPE = mh_bundle;
				PREBINDING = NO;
			};
			name = Development;
		};
		E1895B53116FD7FB00D8CBE0 /* Development */ = {
			isa = XCBuildConfiguration;
			buildSettings = {
				GCC_INPUT_FILETYPE = sourcecode.cpp.objcpp;
				GCC_PREFIX_HEADER = MWorksRewardWindow_Prefix.pch;
				INFOPLIST_FILE = Info.plist;
				PRODUCT_NAME = MWorksRewardWindow;
				WRAPPER_EXTENSION = bundle;
			};
			name = Development;
		};
/* End XCBuildConfiguration section */

/* Begin XCConfigurationList section */
		1DEB913A08733D840010E9CD /* Build configuration list for PBXNativeTarget "MWorksRewardWindow" */ = {
			isa = XCConfigurationList;
			buildConfigurations = (
				E1895B53116FD7FB00D8CBE0 /* Development */,
			);
			defaultConfigurationIsVisible = 0;
			defaultConfigurationName = Development;
		};
		1DEB913E08733D840010E9CD /* Build configuration list for PBXProject "MWorksRewardWindow" */ = {
			isa = XCConfigurationList;
			buildConfigurations = (
				E1895B52116FD7FB00D8CBE0 /* Development */,
			);
			defaultConfigurationIsVisible = 0;
			defaultConfigurationName = Development;
		};
		E17B9ED6119CA80E00EEBF5D /* Build configuration list for PBXAggregateTarget "Everything" */ = {
			isa = XCConfigurationList;
			buildConfigurations = (
				E17B9ED1119CA80500EEBF5D /* Development */,
			);
			defaultConfigurationIsVisible = 0;
			defaultConfigurationName = Development;
		};
/* End XCConfigurationList section */
	};
	rootObject = 089C1669FE841209C02AAC07 /* Project object */;
}
